
Microsoft Visual Studio Solution File, Format Version 12.00
# Visual Studio 14
VisualStudioVersion = 14.0.25123.0
MinimumVisualStudioVersion = 10.0.40219.1
Project("{FAE04EC0-301F-11D3-BF4B-00C04F79EFBC}") = "UserControl_Myshko", "UserControl_Myshko\UserControl_Myshko.csproj", "{D2D1C598-5250-4047-9361-921A72D9B6CF}"
EndProject
Project("{FAE04EC0-301F-11D3-BF4B-00C04F79EFBC}") = "Table Button", "WpfControlLibrary1\Table Button.csproj", "{74546568-2D66-407E-A2B1-7B7EB7F0D8B5}"
EndProject
Project("{FAE04EC0-301F-11D3-BF4B-00C04F79EFBC}") = "SummBlockLibrary", "SummBlockLibrary\SummBlockLibrary.csproj", "{64BC4791-14CB-4203-9DBE-7FCAF16CE30C}"
EndProject
Project("{FAE04EC0-301F-11D3-BF4B-00C04F79EFBC}") = "MaskTextBox", "MaskTextBox\MaskTextBox.csproj", "{31A332DF-147A-4487-96F2-98FD248A024C}"
EndProject
Global
	GlobalSection(SolutionConfigurationPlatforms) = preSolution
		Debug|Any CPU = Debug|Any CPU
		Release|Any CPU = Release|Any CPU
	EndGlobalSection
	GlobalSection(ProjectConfigurationPlatforms) = postSolution
		{D2D1C598-5250-4047-9361-921A72D9B6CF}.Debug|Any CPU.ActiveCfg = Debug|Any CPU
		{D2D1C598-5250-4047-9361-921A72D9B6CF}.Debug|Any CPU.Build.0 = Debug|Any CPU
		{D2D1C598-5250-4047-9361-921A72D9B6CF}.Release|Any CPU.ActiveCfg = Release|Any CPU
		{D2D1C598-5250-4047-9361-921A72D9B6CF}.Release|Any CPU.Build.0 = Release|Any CPU
		{74546568-2D66-407E-A2B1-7B7EB7F0D8B5}.Debug|Any CPU.ActiveCfg = Debug|Any CPU
		{74546568-2D66-407E-A2B1-7B7EB7F0D8B5}.Debug|Any CPU.Build.0 = Debug|Any CPU
		{74546568-2D66-407E-A2B1-7B7EB7F0D8B5}.Release|Any CPU.ActiveCfg = Release|Any CPU
		{74546568-2D66-407E-A2B1-7B7EB7F0D8B5}.Release|Any CPU.Build.0 = Release|Any CPU
		{64BC4791-14CB-4203-9DBE-7FCAF16CE30C}.Debug|Any CPU.ActiveCfg = Debug|Any CPU
		{64BC4791-14CB-4203-9DBE-7FCAF16CE30C}.Debug|Any CPU.Build.0 = Debug|Any CPU
		{64BC4791-14CB-4203-9DBE-7FCAF16CE30C}.Release|Any CPU.ActiveCfg = Release|Any CPU
		{64BC4791-14CB-4203-9DBE-7FCAF16CE30C}.Release|Any CPU.Build.0 = Release|Any CPU
		{31A332DF-147A-4487-96F2-98FD248A024C}.Debug|Any CPU.ActiveCfg = Debug|Any CPU
		{31A332DF-147A-4487-96F2-98FD248A024C}.Debug|Any CPU.Build.0 = Debug|Any CPU
		{31A332DF-147A-4487-96F2-98FD248A024C}.Release|Any CPU.ActiveCfg = Release|Any CPU
		{31A332DF-147A-4487-96F2-98FD248A024C}.Release|Any CPU.Build.0 = Release|Any CPU
	EndGlobalSection
	GlobalSection(SolutionProperties) = preSolution
		HideSolutionNode = FALSE
	EndGlobalSection
EndGlobal
